Microsoft Visual Studio Solution File, Format Version 12.00
# Visual Studio 2012
Project("{FAE04EC0-301F-11D3-BF4B-00C04F79EFBC}") = "Puzzle Platformer", "Puzzle Platformer.csproj", "{99A46B1B-8433-4986-B775-872E7298BAEE}"
EndProject
Global
	GlobalSection(SolutionConfigurationPlatforms) = preSolution
	Debug|Any CPU = Debug|Any CPU
	ExportDebug|Any CPU = ExportDebug|Any CPU
	ExportRelease|Any CPU = ExportRelease|Any CPU
	EndGlobalSection
	GlobalSection(ProjectConfigurationPlatforms) = postSolution
		{99A46B1B-8433-4986-B775-872E7298BAEE}.Debug|Any CPU.ActiveCfg = Debug|Any CPU
		{99A46B1B-8433-4986-B775-872E7298BAEE}.Debug|Any CPU.Build.0 = Debug|Any CPU
		{99A46B1B-8433-4986-B775-872E7298BAEE}.ExportDebug|Any CPU.ActiveCfg = ExportDebug|Any CPU
		{99A46B1B-8433-4986-B775-872E7298BAEE}.ExportDebug|Any CPU.Build.0 = ExportDebug|Any CPU
		{99A46B1B-8433-4986-B775-872E7298BAEE}.ExportRelease|Any CPU.ActiveCfg = ExportRelease|Any CPU
		{99A46B1B-8433-4986-B775-872E7298BAEE}.ExportRelease|Any CPU.Build.0 = ExportRelease|Any CPU
	EndGlobalSection
EndGlobal
